// !$*UTF8*$!
{
	archiveVersion = 1;
	classes = {
	};
	objectVersion = 55;
	objects = {

/* Begin PBXBuildFile section */
		1100B4C22742F99A00096712 /* PlacesViewController.swift in Sources */ = {isa = PBXBuildFile; fileRef = 1100B4C12742F99A00096712 /* PlacesViewController.swift */; };
		1100B4C42742FAF700096712 /* PlacesViewModel.swift in Sources */ = {isa = PBXBuildFile; fileRef = 1100B4C32742FAF700096712 /* PlacesViewModel.swift */; };
		1100B4C62742FB1D00096712 /* PlacesViewModelProtocol.swift in Sources */ = {isa = PBXBuildFile; fileRef = 1100B4C52742FB1D00096712 /* PlacesViewModelProtocol.swift */; };
		1100B4CA2742FD0400096712 /* PlacesCollectionViewCell.swift in Sources */ = {isa = PBXBuildFile; fileRef = 1100B4C92742FD0400096712 /* PlacesCollectionViewCell.swift */; };
		118EE549273DA5640070FB56 /* TabBarViewController.swift in Sources */ = {isa = PBXBuildFile; fileRef = 118EE548273DA5640070FB56 /* TabBarViewController.swift */; };
		118EE552273DA6CA0070FB56 /* SettingsViewController.swift in Sources */ = {isa = PBXBuildFile; fileRef = 118EE551273DA6CA0070FB56 /* SettingsViewController.swift */; };
		118EE556273DA7E80070FB56 /* PlantsViewController.swift in Sources */ = {isa = PBXBuildFile; fileRef = 118EE555273DA7E80070FB56 /* PlantsViewController.swift */; };
		11EEB4BC273C4DD90050ACC1 /* AppDelegate.swift in Sources */ = {isa = PBXBuildFile; fileRef = 11EEB4BB273C4DD90050ACC1 /* AppDelegate.swift */; };
		11EEB4C5273C4DDB0050ACC1 /* Assets.xcassets in Resources */ = {isa = PBXBuildFile; fileRef = 11EEB4C4273C4DDB0050ACC1 /* Assets.xcassets */; };
		11EEB4C8273C4DDB0050ACC1 /* LaunchScreen.storyboard in Resources */ = {isa = PBXBuildFile; fileRef = 11EEB4C6273C4DDB0050ACC1 /* LaunchScreen.storyboard */; };
/* End PBXBuildFile section */

/* Begin PBXFileReference section */
		1100B4C12742F99A00096712 /* PlacesViewController.swift */ = {isa = PBXFileReference; lastKnownFileType = sourcecode.swift; path = PlacesViewController.swift; sourceTree = "<group>"; };
		1100B4C32742FAF700096712 /* PlacesViewModel.swift */ = {isa = PBXFileReference; lastKnownFileType = sourcecode.swift; path = PlacesViewModel.swift; sourceTree = "<group>"; };
		1100B4C52742FB1D00096712 /* PlacesViewModelProtocol.swift */ = {isa = PBXFileReference; lastKnownFileType = sourcecode.swift; path = PlacesViewModelProtocol.swift; sourceTree = "<group>"; };
		1100B4C92742FD0400096712 /* PlacesCollectionViewCell.swift */ = {isa = PBXFileReference; lastKnownFileType = sourcecode.swift; path = PlacesCollectionViewCell.swift; sourceTree = "<group>"; };
		118EE548273DA5640070FB56 /* TabBarViewController.swift */ = {isa = PBXFileReference; lastKnownFileType = sourcecode.swift; path = TabBarViewController.swift; sourceTree = "<group>"; };
		118EE551273DA6CA0070FB56 /* SettingsViewController.swift */ = {isa = PBXFileReference; lastKnownFileType = sourcecode.swift; path = SettingsViewController.swift; sourceTree = "<group>"; };
		118EE555273DA7E80070FB56 /* PlantsViewController.swift */ = {isa = PBXFileReference; lastKnownFileType = sourcecode.swift; path = PlantsViewController.swift; sourceTree = "<group>"; };
		11EEB4B8273C4DD90050ACC1 /* MyGreenhouse.app */ = {isa = PBXFileReference; explicitFileType = wrapper.application; includeInIndex = 0; path = MyGreenhouse.app; sourceTree = BUILT_PRODUCTS_DIR; };
		11EEB4BB273C4DD90050ACC1 /* AppDelegate.swift */ = {isa = PBXFileReference; lastKnownFileType = sourcecode.swift; path = AppDelegate.swift; sourceTree = "<group>"; };
		11EEB4C4273C4DDB0050ACC1 /* Assets.xcassets */ = {isa = PBXFileReference; lastKnownFileType = folder.assetcatalog; path = Assets.xcassets; sourceTree = "<group>"; };
		11EEB4C7273C4DDB0050ACC1 /* Base */ = {isa = PBXFileReference; lastKnownFileType = file.storyboard; name = Base; path = Base.lproj/LaunchScreen.storyboard; sourceTree = "<group>"; };
		11EEB4C9273C4DDB0050ACC1 /* Info.plist */ = {isa = PBXFileReference; lastKnownFileType = text.plist.xml; path = Info.plist; sourceTree = "<group>"; };
/* End PBXFileReference section */

/* Begin PBXFrameworksBuildPhase section */
		11EEB4B5273C4DD90050ACC1 /* Frameworks */ = {
			isa = PBXFrameworksBuildPhase;
			buildActionMask = 2147483647;
			files = (
			);
			runOnlyForDeploymentPostprocessing = 0;
		};
/* End PBXFrameworksBuildPhase section */

/* Begin PBXGroup section */
		1100B4C72742FCBF00096712 /* PlacesCell */ = {
			isa = PBXGroup;
			children = (
				1100B4C92742FD0400096712 /* PlacesCollectionViewCell.swift */,
			);
			path = PlacesCell;
			sourceTree = "<group>";
		};
		118EE54A273DA5BD0070FB56 /* Support files */ = {
			isa = PBXGroup;
			children = (
				118EE548273DA5640070FB56 /* TabBarViewController.swift */,
				11EEB4BB273C4DD90050ACC1 /* AppDelegate.swift */,
				11EEB4C4273C4DDB0050ACC1 /* Assets.xcassets */,
				11EEB4C9273C4DDB0050ACC1 /* Info.plist */,
			);
			path = "Support files";
			sourceTree = "<group>";
		};
		118EE54B273DA5CC0070FB56 /* Storyboards */ = {
			isa = PBXGroup;
			children = (
				11EEB4C6273C4DDB0050ACC1 /* LaunchScreen.storyboard */,
			);
			path = Storyboards;
			sourceTree = "<group>";
		};
		118EE54E273DA6390070FB56 /* Places */ = {
			isa = PBXGroup;
			children = (
				1100B4C72742FCBF00096712 /* PlacesCell */,
				1100B4C12742F99A00096712 /* PlacesViewController.swift */,
				1100B4C32742FAF700096712 /* PlacesViewModel.swift */,
				1100B4C52742FB1D00096712 /* PlacesViewModelProtocol.swift */,
			);
			path = Places;
			sourceTree = "<group>";
		};
		118EE54F273DA65A0070FB56 /* Settings */ = {
			isa = PBXGroup;
			children = (
				118EE551273DA6CA0070FB56 /* SettingsViewController.swift */,
			);
			path = Settings;
			sourceTree = "<group>";
		};
		118EE550273DA6610070FB56 /* Plants */ = {
			isa = PBXGroup;
			children = (
				118EE555273DA7E80070FB56 /* PlantsViewController.swift */,
			);
			path = Plants;
			sourceTree = "<group>";
		};
		11EEB4AF273C4DD90050ACC1 = {
			isa = PBXGroup;
			children = (
				11EEB4BA273C4DD90050ACC1 /* MyGreenhouse */,
				11EEB4B9273C4DD90050ACC1 /* Products */,
			);
			sourceTree = "<group>";
		};
		11EEB4B9273C4DD90050ACC1 /* Products */ = {
			isa = PBXGroup;
			children = (
				11EEB4B8273C4DD90050ACC1 /* MyGreenhouse.app */,
			);
			name = Products;
			sourceTree = "<group>";
		};
		11EEB4BA273C4DD90050ACC1 /* MyGreenhouse */ = {
			isa = PBXGroup;
			children = (
				118EE54E273DA6390070FB56 /* Places */,
				118EE550273DA6610070FB56 /* Plants */,
				118EE54F273DA65A0070FB56 /* Settings */,
				118EE54A273DA5BD0070FB56 /* Support files */,
				118EE54B273DA5CC0070FB56 /* Storyboards */,
			);
			path = MyGreenhouse;
			sourceTree = "<group>";
		};
/* End PBXGroup section */

/* Begin PBXNativeTarget section */
		11EEB4B7273C4DD90050ACC1 /* MyGreenhouse */ = {
			isa = PBXNativeTarget;
			buildConfigurationList = 11EEB4CC273C4DDB0050ACC1 /* Build configuration list for PBXNativeTarget "MyGreenhouse" */;
			buildPhases = (
				11EEB4B4273C4DD90050ACC1 /* Sources */,
				11EEB4B5273C4DD90050ACC1 /* Frameworks */,
				11EEB4B6273C4DD90050ACC1 /* Resources */,
			);
			buildRules = (
			);
			dependencies = (
			);
			name = MyGreenhouse;
			productName = MyGreenhouse;
			productReference = 11EEB4B8273C4DD90050ACC1 /* MyGreenhouse.app */;
			productType = "com.apple.product-type.application";
		};
/* End PBXNativeTarget section */

/* Begin PBXProject section */
		11EEB4B0273C4DD90050ACC1 /* Project object */ = {
			isa = PBXProject;
			attributes = {
				BuildIndependentTargetsInParallel = 1;
				LastSwiftUpdateCheck = 1310;
				LastUpgradeCheck = 1310;
				TargetAttributes = {
					11EEB4B7273C4DD90050ACC1 = {
						CreatedOnToolsVersion = 13.1;
					};
				};
			};
			buildConfigurationList = 11EEB4B3273C4DD90050ACC1 /* Build configuration list for PBXProject "MyGreenhouse" */;
			compatibilityVersion = "Xcode 13.0";
			developmentRegion = en;
			hasScannedForEncodings = 0;
			knownRegions = (
				en,
				Base,
			);
			mainGroup = 11EEB4AF273C4DD90050ACC1;
			productRefGroup = 11EEB4B9273C4DD90050ACC1 /* Products */;
			projectDirPath = "";
			projectRoot = "";
			targets = (
				11EEB4B7273C4DD90050ACC1 /* MyGreenhouse */,
			);
		};
/* End PBXProject section */

/* Begin PBXResourcesBuildPhase section */
		11EEB4B6273C4DD90050ACC1 /* Resources */ = {
			isa = PBXResourcesBuildPhase;
			buildActionMask = 2147483647;
			files = (
				11EEB4C8273C4DDB0050ACC1 /* LaunchScreen.storyboard in Resources */,
				11EEB4C5273C4DDB0050ACC1 /* Assets.xcassets in Resources */,
			);
			runOnlyForDeploymentPostprocessing = 0;
		};
/* End PBXResourcesBuildPhase section */

/* Begin PBXSourcesBuildPhase section */
		11EEB4B4273C4DD90050ACC1 /* Sources */ = {
			isa = PBXSourcesBuildPhase;
			buildActionMask = 2147483647;
			files = (
				1100B4CA2742FD0400096712 /* PlacesCollectionViewCell.swift in Sources */,
				1100B4C42742FAF700096712 /* PlacesViewModel.swift in Sources */,
				1100B4C62742FB1D00096712 /* PlacesViewModelProtocol.swift in Sources */,
				118EE549273DA5640070FB56 /* TabBarViewController.swift in Sources */,
				118EE556273DA7E80070FB56 /* PlantsViewController.swift in Sources */,
				11EEB4BC273C4DD90050ACC1 /* AppDelegate.swift in Sources */,
				1100B4C22742F99A00096712 /* PlacesViewController.swift in Sources */,
				118EE552273DA6CA0070FB56 /* SettingsViewController.swift in Sources */,
			);
			runOnlyForDeploymentPostprocessing = 0;
		};
/* End PBXSourcesBuildPhase section */

/* Begin PBXVariantGroup section */
		11EEB4C6273C4DDB0050ACC1 /* LaunchScreen.storyboard */ = {
			isa = PBXVariantGroup;
			children = (
				11EEB4C7273C4DDB0050ACC1 /* Base */,
			);
			name = LaunchScreen.storyboard;
			sourceTree = "<group>";
		};
/* End PBXVariantGroup section */

/* Begin XCBuildConfiguration section */
		11EEB4CA273C4DDB0050ACC1 /* Debug */ = {
			isa = XCBuildConfiguration;
			buildSettings = {
				ALWAYS_SEARCH_USER_PATHS = NO;
				CLANG_ANALYZER_NONNULL = YES;
				CLANG_ANALYZER_NUMBER_OBJECT_CONVERSION = YES_AGGRESSIVE;
				CLANG_CXX_LANGUAGE_STANDARD = "gnu++17";
				CLANG_CXX_LIBRARY = "libc++";
				CLANG_ENABLE_MODULES = YES;
				CLANG_ENABLE_OBJC_ARC = YES;
				CLANG_ENABLE_OBJC_WEAK = YES;
				CLANG_WARN_BLOCK_CAPTURE_AUTORELEASING = YES;
				CLANG_WARN_BOOL_CONVERSION = YES;
				CLANG_WARN_COMMA = YES;
				CLANG_WARN_CONSTANT_CONVERSION = YES;
				CLANG_WARN_DEPRECATED_OBJC_IMPLEMENTATIONS = YES;
				CLANG_WARN_DIRECT_OBJC_ISA_USAGE = YES_ERROR;
				CLANG_WARN_DOCUMENTATION_COMMENTS = YES;
				CLANG_WARN_EMPTY_BODY = YES;
				CLANG_WARN_ENUM_CONVERSION = YES;
				CLANG_WARN_INFINITE_RECURSION = YES;
				CLANG_WARN_INT_CONVERSION = YES;
				CLANG_WARN_NON_LITERAL_NULL_CONVERSION = YES;
				CLANG_WARN_OBJC_IMPLICIT_RETAIN_SELF = YES;
				CLANG_WARN_OBJC_LITERAL_CONVERSION = YES;
				CLANG_WARN_OBJC_ROOT_CLASS = YES_ERROR;
				CLANG_WARN_QUOTED_INCLUDE_IN_FRAMEWORK_HEADER = YES;
				CLANG_WARN_RANGE_LOOP_ANALYSIS = YES;
				CLANG_WARN_STRICT_PROTOTYPES = YES;
				CLANG_WARN_SUSPICIOUS_MOVE = YES;
				CLANG_WARN_UNGUARDED_AVAILABILITY = YES_AGGRESSIVE;
				CLANG_WARN_UNREACHABLE_CODE = YES;
				CLANG_WARN__DUPLICATE_METHOD_MATCH = YES;
				COPY_PHASE_STRIP = NO;
				DEBUG_INFORMATION_FORMAT = dwarf;
				ENABLE_STRICT_OBJC_MSGSEND = YES;
				ENABLE_TESTABILITY = YES;
				GCC_C_LANGUAGE_STANDARD = gnu11;
				GCC_DYNAMIC_NO_PIC = NO;
				GCC_NO_COMMON_BLOCKS = YES;
				GCC_OPTIMIZATION_LEVEL = 0;
				GCC_PREPROCESSOR_DEFINITIONS = (
					"DEBUG=1",
					"$(inherited)",
				);
				GCC_WARN_64_TO_32_BIT_CONVERSION = YES;
				GCC_WARN_ABOUT_RETURN_TYPE = YES_ERROR;
				GCC_WARN_UNDECLARED_SELECTOR = YES;
				GCC_WARN_UNINITIALIZED_AUTOS = YES_AGGRESSIVE;
				GCC_WARN_UNUSED_FUNCTION = YES;
				GCC_WARN_UNUSED_VARIABLE = YES;
				IPHONEOS_DEPLOYMENT_TARGET = 15.0;
				MTL_ENABLE_DEBUG_INFO = INCLUDE_SOURCE;
				MTL_FAST_MATH = YES;
				ONLY_ACTIVE_ARCH = YES;
				SDKROOT = iphoneos;
				SWIFT_ACTIVE_COMPILATION_CONDITIONS = DEBUG;
				SWIFT_OPTIMIZATION_LEVEL = "-Onone";
			};
			name = Debug;
		};
		11EEB4CB273C4DDB0050ACC1 /* Release */ = {
			isa = XCBuildConfiguration;
			buildSettings = {
				ALWAYS_SEARCH_USER_PATHS = NO;
				CLANG_ANALYZER_NONNULL = YES;
				CLANG_ANALYZER_NUMBER_OBJECT_CONVERSION = YES_AGGRESSIVE;
				CLANG_CXX_LANGUAGE_STANDARD = "gnu++17";
				CLANG_CXX_LIBRARY = "libc++";
				CLANG_ENABLE_MODULES = YES;
				CLANG_ENABLE_OBJC_ARC = YES;
				CLANG_ENABLE_OBJC_WEAK = YES;
				CLANG_WARN_BLOCK_CAPTURE_AUTORELEASING = YES;
				CLANG_WARN_BOOL_CONVERSION = YES;
				CLANG_WARN_COMMA = YES;
				CLANG_WARN_CONSTANT_CONVERSION = YES;
				CLANG_WARN_DEPRECATED_OBJC_IMPLEMENTATIONS = YES;
				CLANG_WARN_DIRECT_OBJC_ISA_USAGE = YES_ERROR;
				CLANG_WARN_DOCUMENTATION_COMMENTS = YES;
				CLANG_WARN_EMPTY_BODY = YES;
				CLANG_WARN_ENUM_CONVERSION = YES;
				CLANG_WARN_INFINITE_RECURSION = YES;
				CLANG_WARN_INT_CONVERSION = YES;
				CLANG_WARN_NON_LITERAL_NULL_CONVERSION = YES;
				CLANG_WARN_OBJC_IMPLICIT_RETAIN_SELF = YES;
				CLANG_WARN_OBJC_LITERAL_CONVERSION = YES;
				CLANG_WARN_OBJC_ROOT_CLASS = YES_ERROR;
				CLANG_WARN_QUOTED_INCLUDE_IN_FRAMEWORK_HEADER = YES;
				CLANG_WARN_RANGE_LOOP_ANALYSIS = YES;
				CLANG_WARN_STRICT_PROTOTYPES = YES;
				CLANG_WARN_SUSPICIOUS_MOVE = YES;
				CLANG_WARN_UNGUARDED_AVAILABILITY = YES_AGGRESSIVE;
				CLANG_WARN_UNREACHABLE_CODE = YES;
				CLANG_WARN__DUPLICATE_METHOD_MATCH = YES;
				COPY_PHASE_STRIP = NO;
				DEBUG_INFORMATION_FORMAT = "dwarf-with-dsym";
				ENABLE_NS_ASSERTIONS = NO;
				ENABLE_STRICT_OBJC_MSGSEND = YES;
				GCC_C_LANGUAGE_STANDARD = gnu11;
				GCC_NO_COMMON_BLOCKS = YES;
				GCC_WARN_64_TO_32_BIT_CONVERSION = YES;
				GCC_WARN_ABOUT_RETURN_TYPE = YES_ERROR;
				GCC_WARN_UNDECLARED_SELECTOR = YES;
				GCC_WARN_UNINITIALIZED_AUTOS = YES_AGGRESSIVE;
				GCC_WARN_UNUSED_FUNCTION = YES;
				GCC_WARN_UNUSED_VARIABLE = YES;
				IPHONEOS_DEPLOYMENT_TARGET = 15.0;
				MTL_ENABLE_DEBUG_INFO = NO;
				MTL_FAST_MATH = YES;
				SDKROOT = iphoneos;
				SWIFT_COMPILATION_MODE = wholemodule;
				SWIFT_OPTIMIZATION_LEVEL = "-O";
				VALIDATE_PRODUCT = YES;
			};
			name = Release;
		};
		11EEB4CD273C4DDB0050ACC1 /* Debug */ = {
			isa = XCBuildConfiguration;
			buildSettings = {
				ASSETCATALOG_COMPILER_APPICON_NAME = AppIcon;
				ASSETCATALOG_COMPILER_GLOBAL_ACCENT_COLOR_NAME = AccentColor;
				CODE_SIGN_STYLE = Automatic;
				CURRENT_PROJECT_VERSION = 1;
				DEVELOPMENT_TEAM = 9CHP9M644H;
				GENERATE_INFOPLIST_FILE = YES;
				INFOPLIST_FILE = "MyGreenhouse/Support files/Info.plist";
				INFOPLIST_KEY_UIApplicationSupportsIndirectInputEvents = YES;
				INFOPLIST_KEY_UILaunchStoryboardName = LaunchScreen;
				INFOPLIST_KEY_UISupportedInterfaceOrientations = UIInterfaceOrientationPortrait;
				INFOPLIST_KEY_UISupportedInterfaceOrientations_iPad = "UIInterfaceOrientationPortrait UIInterfaceOrientationPortraitUpsideDown UIInterfaceOrientationLandscapeLeft UIInterfaceOrientationLandscapeRight";
				INFOPLIST_KEY_UISupportedInterfaceOrientations_iPhone = "UIInterfaceOrientationPortrait UIInterfaceOrientationLandscapeLeft UIInterfaceOrientationLandscapeRight";
				LD_RUNPATH_SEARCH_PATHS = (
					"$(inherited)",
					"@executable_path/Frameworks",
				);
				MARKETING_VERSION = 1.0;
				PRODUCT_BUNDLE_IDENTIFIER = com.nikitaZakharchenko.MyGreenhouse;
				PRODUCT_NAME = "$(TARGET_NAME)";
				SWIFT_EMIT_LOC_STRINGS = YES;
				SWIFT_VERSION = 5.0;
				TARGETED_DEVICE_FAMILY = 1;
			};
			name = Debug;
		};
		11EEB4CE273C4DDB0050ACC1 /* Release */ = {
			isa = XCBuildConfiguration;
			buildSettings = {
				ASSETCATALOG_COMPILER_APPICON_NAME = AppIcon;
				ASSETCATALOG_COMPILER_GLOBAL_ACCENT_COLOR_NAME = AccentColor;
				CODE_SIGN_STYLE = Automatic;
				CURRENT_PROJECT_VERSION = 1;
				DEVELOPMENT_TEAM = 9CHP9M644H;
				GENERATE_INFOPLIST_FILE = YES;
				INFOPLIST_FILE = "MyGreenhouse/Support files/Info.plist";
				INFOPLIST_KEY_UIApplicationSupportsIndirectInputEvents = YES;
				INFOPLIST_KEY_UILaunchStoryboardName = LaunchScreen;
				INFOPLIST_KEY_UISupportedInterfaceOrientations = UIInterfaceOrientationPortrait;
				INFOPLIST_KEY_UISupportedInterfaceOrientations_iPad = "UIInterfaceOrientationPortrait UIInterfaceOrientationPortraitUpsideDown UIInterfaceOrientationLandscapeLeft UIInterfaceOrientationLandscapeRight";
				INFOPLIST_KEY_UISupportedInterfaceOrientations_iPhone = "UIInterfaceOrientationPortrait UIInterfaceOrientationLandscapeLeft UIInterfaceOrientationLandscapeRight";
				LD_RUNPATH_SEARCH_PATHS = (
					"$(inherited)",
					"@executable_path/Frameworks",
				);
				MARKETING_VERSION = 1.0;
				PRODUCT_BUNDLE_IDENTIFIER = com.nikitaZakharchenko.MyGreenhouse;
				PRODUCT_NAME = "$(TARGET_NAME)";
				SWIFT_EMIT_LOC_STRINGS = YES;
				SWIFT_VERSION = 5.0;
				TARGETED_DEVICE_FAMILY = 1;
			};
			name = Release;
		};
/* End XCBuildConfiguration section */

/* Begin XCConfigurationList section */
		11EEB4B3273C4DD90050ACC1 /* Build configuration list for PBXProject "MyGreenhouse" */ = {
			isa = XCConfigurationList;
			buildConfigurations = (
				11EEB4CA273C4DDB0050ACC1 /* Debug */,
				11EEB4CB273C4DDB0050ACC1 /* Release */,
			);
			defaultConfigurationIsVisible = 0;
			defaultConfigurationName = Release;
		};
		11EEB4CC273C4DDB0050ACC1 /* Build configuration list for PBXNativeTarget "MyGreenhouse" */ = {
			isa = XCConfigurationList;
			buildConfigurations = (
				11EEB4CD273C4DDB0050ACC1 /* Debug */,
				11EEB4CE273C4DDB0050ACC1 /* Release */,
			);
			defaultConfigurationIsVisible = 0;
			defaultConfigurationName = Release;
		};
/* End XCConfigurationList section */
	};
	rootObject = 11EEB4B0273C4DD90050ACC1 /* Project object */;
}
